lockfileVersion: '9.0'

settings:
  autoInstallPeers: true
  excludeLinksFromLockfile: false

importers:

  .:
    dependencies:
      lichess-pgn-viewer:
        specifier: ^2.1.0
        version: 2.1.0

packages:

  '@badrap/result@0.2.13':
    resolution: {integrity: sha512-Qvyzz0dmGY0h8pwvBFo1BznAKf5Y5NXIDiqhPALWtfU7oHbAToCtPu4FlYQ3uysskSWLx8GUiyhe0nv0nDd/7Q==}

  '@types/node@20.14.2':
    resolution: {integrity: sha512-xyu6WAMVwv6AKFLB+e/7ySZVr/0zLCzOa7rSpq6jNwpqOrUbcACDWC+53d4n2QHOnDou0fbIsg8wZu/sxrnI4Q==}

  chessground@9.1.1:
    resolution: {integrity: sha512-X4xrBICrixaLATCn+jGEzk58UXcas+9QqJnwVq9nT7AaX2M1CJLMA0vC7noG0s6Tr2zoAHZ1FOviE5b05MgduQ==}

  chessops@0.12.7:
    resolution: {integrity: sha512-ylWwKOudgTNJCDq7vx/Rs9fkZwPB3CEk0AJ8NtAfEYOoA3DGRQdS/Z/oQRsnQvs92rUu0yEobn4ZIPzLh8y9/w==}

  lichess-pgn-viewer@2.1.0:
    resolution: {integrity: sha512-mWr/OtdB4D55ZUvZvIvcE3jjhghrAmqgqlOTLLP2U48eMi6wqAbA9sae8mQajg4tDJuN5yNQuvxiJaFXTeiYuw==}

  snabbdom@3.6.2:
    resolution: {integrity: sha512-ig5qOnCDbugFntKi6c7Xlib8bA6xiJVk8O+WdFrV3wxbMqeHO0hXFQC4nAhPVWfZfi8255lcZkNhtIBINCc4+Q==}
    engines: {node: '>=12.17.0'}

  undici-types@5.26.5:
    resolution: {integrity: sha512-JlCMO+ehdEIKqlFxk6IfVoAUVmgz7cU7zD/h9XZ0qzeosSHmUJVOzSQvvYSYWXkFXC+IfLKSIffhv0sVZup6pA==}

snapshots:

  '@badrap/result@0.2.13': {}

  '@types/node@20.14.2':
    dependencies:
      undici-types: 5.26.5

  chessground@9.1.1: {}

  chessops@0.12.7:
    dependencies:
      '@badrap/result': 0.2.13

  lichess-pgn-viewer@2.1.0:
    dependencies:
      '@types/node': 20.14.2
      chessground: 9.1.1
      chessops: 0.12.7
      snabbdom: 3.6.2

  snabbdom@3.6.2: {}

  undici-types@5.26.5: {}
